
Microsoft Visual Studio Solution File, Format Version 12.00
# Visual Studio 15
Project("{FAE04EC0-301F-11D3-BF4B-00C04F79EFBC}") = "RecipeBookApp", "RecipeBookApp\RecipeBookApp.csproj", "{FA83B036-208A-4B49-A27E-5B70442E7654}"
EndProject
Global
	GlobalSection(SolutionConfigurationPlatforms) = preSolution
		Debug|Any CPU = Debug|Any CPU
		Release|Any CPU = Release|Any CPU
	EndGlobalSection
	GlobalSection(ProjectConfigurationPlatforms) = postSolution
		{FA83B036-208A-4B49-A27E-5B70442E7654}.Debug|Any CPU.ActiveCfg = Debug|Any CPU
		{FA83B036-208A-4B49-A27E-5B70442E7654}.Debug|Any CPU.Build.0 = Debug|Any CPU
		{FA83B036-208A-4B49-A27E-5B70442E7654}.Release|Any CPU.ActiveCfg = Release|Any CPU
		{FA83B036-208A-4B49-A27E-5B70442E7654}.Release|Any CPU.Build.0 = Release|Any CPU
	EndGlobalSection
EndGlobal
